<?xml version="1.0" encoding="UTF-8" standalone="yes" ?>
<CodeBlocks_project_file>
	<FileVersion major="1" minor="6" />
	<Project>
		<Option title="Cyvasse" />
		<Option pch_mode="2" />
		<Option compiler="gcc" />
		<Build>
			<Target title="Debug">
				<Option output="bin/Debug/Cyvasse" prefix_auto="1" extension_auto="1" />
				<Option object_output="obj/Debug/" />
				<Option type="1" />
				<Option compiler="gcc" />
				<Compiler>
					<Add option="-g" />
					<Add directory="include" />
				</Compiler>
				<Linker>
					<Add library="sfml-graphics" />
					<Add library="sfml-window" />
					<Add library="sfml-system" />
				</Linker>
			</Target>
			<Target title="Release">
				<Option output="bin/Release/Cyvasse" prefix_auto="1" extension_auto="1" />
				<Option object_output="obj/Release/" />
				<Option type="1" />
				<Option compiler="gcc" />
				<Compiler>
					<Add option="-O2" />
					<Add directory="include" />
				</Compiler>
				<Linker>
					<Add option="-s" />
					<Add library="sfml-graphics" />
					<Add library="sfml-window" />
					<Add library="sfml-system" />
				</Linker>
			</Target>
		</Build>
		<Compiler>
			<Add option="-Wall" />
		</Compiler>
		<Unit filename="include/AI.h" />
		<Unit filename="include/Crossbow.h" />
		<Unit filename="include/GameLogic.h" />
		<Unit filename="include/GameState.h" />
		<Unit filename="include/Hex.h" />
		<Unit filename="include/HexCoordinates.h" />
		<Unit filename="include/HexMap.h" />
		<Unit filename="include/King.h" />
		<Unit filename="include/Mountain.h" />
		<Unit filename="include/Movement.h" />
		<Unit filename="include/Piece.h" />
		<Unit filename="include/PlayerControls.h" />
		<Unit filename="include/Rabble.h" />
		<Unit filename="include/Render.h" />
		<Unit filename="include/Spears.h" />
		<Unit filename="src/AI.cpp" />
		<Unit filename="src/Crossbow.cpp" />
		<Unit filename="src/GameLogic.cpp" />
		<Unit filename="src/Hex.cpp" />
		<Unit filename="src/HexCoordinates.cpp" />
		<Unit filename="src/HexMap.cpp" />
		<Unit filename="src/King.cpp" />
		<Unit filename="src/Mountain.cpp" />
		<Unit filename="src/Movement.cpp" />
		<Unit filename="src/Piece.cpp" />
		<Unit filename="src/PlayerControls.cpp" />
		<Unit filename="src/Rabble.cpp" />
		<Unit filename="src/Render.cpp" />
		<Unit filename="src/Spears.cpp" />
		<Unit filename="src/main.cpp" />
		<Extensions>
			<code_completion />
			<envvars />
			<debugger />
			<lib_finder disable_auto="1" />
		</Extensions>
	</Project>
</CodeBlocks_project_file>
